
Microsoft Visual Studio Solution File, Format Version 12.00
# Visual Studio 15
VisualStudioVersion = 15.0.27703.2042
MinimumVisualStudioVersion = 10.0.40219.1
Project("{FAE04EC0-301F-11D3-BF4B-00C04F79EFBC}") = "A0", "A0\A0.csproj", "{AFC09865-AF78-4AF8-B2D5-8A357312F752}"
EndProject
Project("{FAE04EC0-301F-11D3-BF4B-00C04F79EFBC}") = "A0Tests", "A0Tests\A0Tests.csproj", "{B66A563C-576C-422A-93A0-114F29796DC9}"
EndProject
Global
	GlobalSection(SolutionConfigurationPlatforms) = preSolution
		Debug|Any CPU = Debug|Any CPU
		Release|Any CPU = Release|Any CPU
	EndGlobalSection
	GlobalSection(ProjectConfigurationPlatforms) = postSolution
		{AFC09865-AF78-4AF8-B2D5-8A357312F752}.Debug|Any CPU.ActiveCfg = Debug|Any CPU
		{AFC09865-AF78-4AF8-B2D5-8A357312F752}.Debug|Any CPU.Build.0 = Debug|Any CPU
		{AFC09865-AF78-4AF8-B2D5-8A357312F752}.Release|Any CPU.ActiveCfg = Release|Any CPU
		{AFC09865-AF78-4AF8-B2D5-8A357312F752}.Release|Any CPU.Build.0 = Release|Any CPU
		{B66A563C-576C-422A-93A0-114F29796DC9}.Debug|Any CPU.ActiveCfg = Debug|Any CPU
		{B66A563C-576C-422A-93A0-114F29796DC9}.Debug|Any CPU.Build.0 = Debug|Any CPU
		{B66A563C-576C-422A-93A0-114F29796DC9}.Release|Any CPU.ActiveCfg = Release|Any CPU
		{B66A563C-576C-422A-93A0-114F29796DC9}.Release|Any CPU.Build.0 = Release|Any CPU
	EndGlobalSection
	GlobalSection(SolutionProperties) = preSolution
		HideSolutionNode = FALSE
	EndGlobalSection
	GlobalSection(ExtensibilityGlobals) = postSolution
		SolutionGuid = {04C65684-991B-4D46-9BCB-3853C5ADA19C}
	EndGlobalSection
EndGlobal
