
Microsoft Visual Studio Solution File, Format Version 12.00
# Visual Studio 15
VisualStudioVersion = 15.0.27703.2042
MinimumVisualStudioVersion = 10.0.40219.1
Project("{FAE04EC0-301F-11D3-BF4B-00C04F79EFBC}") = "A11", "A11\A11.csproj", "{6AF9536E-83E9-4E36-95F8-147CCD7E4097}"
EndProject
Project("{FAE04EC0-301F-11D3-BF4B-00C04F79EFBC}") = "A11Tests", "A11Tests\A11Tests.csproj", "{0D610E01-C605-47B4-BCC8-CEE8A4CEAB5B}"
EndProject
Global
	GlobalSection(SolutionConfigurationPlatforms) = preSolution
		Debug|Any CPU = Debug|Any CPU
		Release|Any CPU = Release|Any CPU
	EndGlobalSection
	GlobalSection(ProjectConfigurationPlatforms) = postSolution
		{6AF9536E-83E9-4E36-95F8-147CCD7E4097}.Debug|Any CPU.ActiveCfg = Debug|Any CPU
		{6AF9536E-83E9-4E36-95F8-147CCD7E4097}.Debug|Any CPU.Build.0 = Debug|Any CPU
		{6AF9536E-83E9-4E36-95F8-147CCD7E4097}.Release|Any CPU.ActiveCfg = Release|Any CPU
		{6AF9536E-83E9-4E36-95F8-147CCD7E4097}.Release|Any CPU.Build.0 = Release|Any CPU
		{0D610E01-C605-47B4-BCC8-CEE8A4CEAB5B}.Debug|Any CPU.ActiveCfg = Debug|Any CPU
		{0D610E01-C605-47B4-BCC8-CEE8A4CEAB5B}.Debug|Any CPU.Build.0 = Debug|Any CPU
		{0D610E01-C605-47B4-BCC8-CEE8A4CEAB5B}.Release|Any CPU.ActiveCfg = Release|Any CPU
		{0D610E01-C605-47B4-BCC8-CEE8A4CEAB5B}.Release|Any CPU.Build.0 = Release|Any CPU
	EndGlobalSection
	GlobalSection(SolutionProperties) = preSolution
		HideSolutionNode = FALSE
	EndGlobalSection
	GlobalSection(ExtensibilityGlobals) = postSolution
		SolutionGuid = {D13089A6-C423-4CA8-9CE4-DEB40ACF66B1}
	EndGlobalSection
EndGlobal
