
Microsoft Visual Studio Solution File, Format Version 12.00
# Visual Studio 15
VisualStudioVersion = 15.0.27703.2042
MinimumVisualStudioVersion = 10.0.40219.1
Project("{FAE04EC0-301F-11D3-BF4B-00C04F79EFBC}") = "P1", "P1\P1.csproj", "{D75DEB41-91BF-4877-A886-C7AA7F2B9B49}"
EndProject
Project("{FAE04EC0-301F-11D3-BF4B-00C04F79EFBC}") = "P1Tests", "P1Tests\P1Tests.csproj", "{870CEC4A-3854-44C8-B7FB-6A69F4204144}"
EndProject
Global
	GlobalSection(SolutionConfigurationPlatforms) = preSolution
		Debug|Any CPU = Debug|Any CPU
		Release|Any CPU = Release|Any CPU
	EndGlobalSection
	GlobalSection(ProjectConfigurationPlatforms) = postSolution
		{D75DEB41-91BF-4877-A886-C7AA7F2B9B49}.Debug|Any CPU.ActiveCfg = Debug|Any CPU
		{D75DEB41-91BF-4877-A886-C7AA7F2B9B49}.Debug|Any CPU.Build.0 = Debug|Any CPU
		{D75DEB41-91BF-4877-A886-C7AA7F2B9B49}.Release|Any CPU.ActiveCfg = Release|Any CPU
		{D75DEB41-91BF-4877-A886-C7AA7F2B9B49}.Release|Any CPU.Build.0 = Release|Any CPU
		{870CEC4A-3854-44C8-B7FB-6A69F4204144}.Debug|Any CPU.ActiveCfg = Debug|Any CPU
		{870CEC4A-3854-44C8-B7FB-6A69F4204144}.Debug|Any CPU.Build.0 = Debug|Any CPU
		{870CEC4A-3854-44C8-B7FB-6A69F4204144}.Release|Any CPU.ActiveCfg = Release|Any CPU
		{870CEC4A-3854-44C8-B7FB-6A69F4204144}.Release|Any CPU.Build.0 = Release|Any CPU
	EndGlobalSection
	GlobalSection(SolutionProperties) = preSolution
		HideSolutionNode = FALSE
	EndGlobalSection
	GlobalSection(ExtensibilityGlobals) = postSolution
		SolutionGuid = {BBA1E657-D1F9-4450-8E10-E3F5158B7FE8}
	EndGlobalSection
EndGlobal
