
Microsoft Visual Studio Solution File, Format Version 12.00
# Visual Studio 15
VisualStudioVersion = 15.0.27703.2042
MinimumVisualStudioVersion = 10.0.40219.1
Project("{FAE04EC0-301F-11D3-BF4B-00C04F79EFBC}") = "A7", "A7\A7.csproj", "{9FEEE696-29A8-41D3-96C3-BABD74483000}"
EndProject
Project("{FAE04EC0-301F-11D3-BF4B-00C04F79EFBC}") = "A7Tests", "A7Tests\A7Tests.csproj", "{FB116F2E-95CE-4A15-82A6-326CCC7F1E26}"
EndProject
Global
	GlobalSection(SolutionConfigurationPlatforms) = preSolution
		Debug|Any CPU = Debug|Any CPU
		Release|Any CPU = Release|Any CPU
	EndGlobalSection
	GlobalSection(ProjectConfigurationPlatforms) = postSolution
		{9FEEE696-29A8-41D3-96C3-BABD74483000}.Debug|Any CPU.ActiveCfg = Debug|Any CPU
		{9FEEE696-29A8-41D3-96C3-BABD74483000}.Debug|Any CPU.Build.0 = Debug|Any CPU
		{9FEEE696-29A8-41D3-96C3-BABD74483000}.Release|Any CPU.ActiveCfg = Release|Any CPU
		{9FEEE696-29A8-41D3-96C3-BABD74483000}.Release|Any CPU.Build.0 = Release|Any CPU
		{FB116F2E-95CE-4A15-82A6-326CCC7F1E26}.Debug|Any CPU.ActiveCfg = Debug|Any CPU
		{FB116F2E-95CE-4A15-82A6-326CCC7F1E26}.Debug|Any CPU.Build.0 = Debug|Any CPU
		{FB116F2E-95CE-4A15-82A6-326CCC7F1E26}.Release|Any CPU.ActiveCfg = Release|Any CPU
		{FB116F2E-95CE-4A15-82A6-326CCC7F1E26}.Release|Any CPU.Build.0 = Release|Any CPU
	EndGlobalSection
	GlobalSection(SolutionProperties) = preSolution
		HideSolutionNode = FALSE
	EndGlobalSection
	GlobalSection(ExtensibilityGlobals) = postSolution
		SolutionGuid = {4C0B5712-E77D-440F-9CF2-7CACBB6BFC1C}
	EndGlobalSection
EndGlobal
