
Microsoft Visual Studio Solution File, Format Version 12.00
# Visual Studio 15
VisualStudioVersion = 15.0.27703.2042
MinimumVisualStudioVersion = 10.0.40219.1
Project("{FAE04EC0-301F-11D3-BF4B-00C04F79EFBC}") = "A1S1", "A1S1\A1S1.csproj", "{3E23AC74-8EF7-4EA8-A466-A3C43D54B174}"
EndProject
Project("{FAE04EC0-301F-11D3-BF4B-00C04F79EFBC}") = "A1S1Tests", "A1S1Tests\A1S1Tests.csproj", "{4B397654-A7A2-4419-B717-B974AE4CF9FD}"
EndProject
Global
	GlobalSection(SolutionConfigurationPlatforms) = preSolution
		Debug|Any CPU = Debug|Any CPU
		Release|Any CPU = Release|Any CPU
	EndGlobalSection
	GlobalSection(ProjectConfigurationPlatforms) = postSolution
		{3E23AC74-8EF7-4EA8-A466-A3C43D54B174}.Debug|Any CPU.ActiveCfg = Debug|Any CPU
		{3E23AC74-8EF7-4EA8-A466-A3C43D54B174}.Debug|Any CPU.Build.0 = Debug|Any CPU
		{3E23AC74-8EF7-4EA8-A466-A3C43D54B174}.Release|Any CPU.ActiveCfg = Release|Any CPU
		{3E23AC74-8EF7-4EA8-A466-A3C43D54B174}.Release|Any CPU.Build.0 = Release|Any CPU
		{4B397654-A7A2-4419-B717-B974AE4CF9FD}.Debug|Any CPU.ActiveCfg = Debug|Any CPU
		{4B397654-A7A2-4419-B717-B974AE4CF9FD}.Debug|Any CPU.Build.0 = Debug|Any CPU
		{4B397654-A7A2-4419-B717-B974AE4CF9FD}.Release|Any CPU.ActiveCfg = Release|Any CPU
		{4B397654-A7A2-4419-B717-B974AE4CF9FD}.Release|Any CPU.Build.0 = Release|Any CPU
	EndGlobalSection
	GlobalSection(SolutionProperties) = preSolution
		HideSolutionNode = FALSE
	EndGlobalSection
	GlobalSection(ExtensibilityGlobals) = postSolution
		SolutionGuid = {C3AD22A0-8980-4CFB-990B-0AEA238281BD}
	EndGlobalSection
EndGlobal
